{
	"name": "@charjkl/ff-browser-std",
	"version": "1.0.0",
	"lockfileVersion": 3,
	"requires": true,
	"packages": {
		"": {
			"name": "@charjkl/ff-browser-std",
			"version": "1.0.0",
			"devDependencies": {
				"@types/firefox-webext-browser": "^111.0.2"
			}
		},
		"node_modules/@types/firefox-webext-browser": {
			"version": "111.0.4",
			"resolved": "https://registry.npmjs.org/@types/firefox-webext-browser/-/firefox-webext-browser-111.0.4.tgz",
			"integrity": "sha512-2XGCwr6xa2ltUys6LWRNjoU+4b0+uY/jJdjXw6sMeZPyh9yIuD49fC8lSQPMm+0wVLJXbwu+ZRPD/EK17jNoRg==",
			"dev": true
		}
	}
}
